
Microsoft Visual Studio Solution File, Format Version 12.00
# Visual Studio 15
VisualStudioVersion = 15.0.28307.421
MinimumVisualStudioVersion = 10.0.40219.1
Project("{8BC9CEB8-8B4A-11D0-8D11-00A0C91BC942}") = "Tema1", "Tema1\Tema1.vcxproj", "{256F573D-A6CD-45C4-905A-91C04894476A}"
EndProject
Global
	GlobalSection(SolutionConfigurationPlatforms) = preSolution
		Debug|x64 = Debug|x64
		Debug|x86 = Debug|x86
		Release|x64 = Release|x64
		Release|x86 = Release|x86
	EndGlobalSection
	GlobalSection(ProjectConfigurationPlatforms) = postSolution
		{256F573D-A6CD-45C4-905A-91C04894476A}.Debug|x64.ActiveCfg = Debug|x64
		{256F573D-A6CD-45C4-905A-91C04894476A}.Debug|x64.Build.0 = Debug|x64
		{256F573D-A6CD-45C4-905A-91C04894476A}.Debug|x86.ActiveCfg = Debug|Win32
		{256F573D-A6CD-45C4-905A-91C04894476A}.Debug|x86.Build.0 = Debug|Win32
		{256F573D-A6CD-45C4-905A-91C04894476A}.Release|x64.ActiveCfg = Release|x64
		{256F573D-A6CD-45C4-905A-91C04894476A}.Release|x64.Build.0 = Release|x64
		{256F573D-A6CD-45C4-905A-91C04894476A}.Release|x86.ActiveCfg = Release|Win32
		{256F573D-A6CD-45C4-905A-91C04894476A}.Release|x86.Build.0 = Release|Win32
	EndGlobalSection
	GlobalSection(SolutionProperties) = preSolution
		HideSolutionNode = FALSE
	EndGlobalSection
	GlobalSection(ExtensibilityGlobals) = postSolution
		SolutionGuid = {D3B25391-5BD1-4F56-98C8-61DD12A1E863}
	EndGlobalSection
EndGlobal
